
Microsoft Visual Studio Solution File, Format Version 12.00
# Visual Studio Version 17
VisualStudioVersion = 17.0.32112.339
MinimumVisualStudioVersion = 10.0.40219.1
Project("{FAE04EC0-301F-11D3-BF4B-00C04F79EFBC}") = "trykolang.Android", "trykolang\trykolang.Android\trykolang.Android.csproj", "{1670B146-B402-4443-92B6-B0BF4D2C7FE2}"
EndProject
Project("{FAE04EC0-301F-11D3-BF4B-00C04F79EFBC}") = "trykolang.iOS", "trykolang\trykolang.iOS\trykolang.iOS.csproj", "{996225B0-4FD0-4152-8E18-0D87D644C414}"
EndProject
Project("{FAE04EC0-301F-11D3-BF4B-00C04F79EFBC}") = "trykolang", "trykolang\trykolang\trykolang.csproj", "{FAF95FD1-BD78-4991-902F-E486AEAAD172}"
EndProject
Global
	GlobalSection(SolutionConfigurationPlatforms) = preSolution
		Debug|Any CPU = Debug|Any CPU
		Debug|iPhone = Debug|iPhone
		Debug|iPhoneSimulator = Debug|iPhoneSimulator
		Release|Any CPU = Release|Any CPU
		Release|iPhone = Release|iPhone
		Release|iPhoneSimulator = Release|iPhoneSimulator
	EndGlobalSection
	GlobalSection(ProjectConfigurationPlatforms) = postSolution
		{1670B146-B402-4443-92B6-B0BF4D2C7FE2}.Debug|Any CPU.ActiveCfg = Debug|Any CPU
		{1670B146-B402-4443-92B6-B0BF4D2C7FE2}.Debug|Any CPU.Build.0 = Debug|Any CPU
		{1670B146-B402-4443-92B6-B0BF4D2C7FE2}.Debug|Any CPU.Deploy.0 = Debug|Any CPU
		{1670B146-B402-4443-92B6-B0BF4D2C7FE2}.Debug|iPhone.ActiveCfg = Debug|Any CPU
		{1670B146-B402-4443-92B6-B0BF4D2C7FE2}.Debug|iPhone.Build.0 = Debug|Any CPU
		{1670B146-B402-4443-92B6-B0BF4D2C7FE2}.Debug|iPhone.Deploy.0 = Debug|Any CPU
		{1670B146-B402-4443-92B6-B0BF4D2C7FE2}.Debug|iPhoneSimulator.ActiveCfg = Debug|Any CPU
		{1670B146-B402-4443-92B6-B0BF4D2C7FE2}.Debug|iPhoneSimulator.Build.0 = Debug|Any CPU
		{1670B146-B402-4443-92B6-B0BF4D2C7FE2}.Debug|iPhoneSimulator.Deploy.0 = Debug|Any CPU
		{1670B146-B402-4443-92B6-B0BF4D2C7FE2}.Release|Any CPU.ActiveCfg = Release|Any CPU
		{1670B146-B402-4443-92B6-B0BF4D2C7FE2}.Release|Any CPU.Build.0 = Release|Any CPU
		{1670B146-B402-4443-92B6-B0BF4D2C7FE2}.Release|Any CPU.Deploy.0 = Release|Any CPU
		{1670B146-B402-4443-92B6-B0BF4D2C7FE2}.Release|iPhone.ActiveCfg = Release|Any CPU
		{1670B146-B402-4443-92B6-B0BF4D2C7FE2}.Release|iPhone.Build.0 = Release|Any CPU
		{1670B146-B402-4443-92B6-B0BF4D2C7FE2}.Release|iPhone.Deploy.0 = Release|Any CPU
		{1670B146-B402-4443-92B6-B0BF4D2C7FE2}.Release|iPhoneSimulator.ActiveCfg = Release|Any CPU
		{1670B146-B402-4443-92B6-B0BF4D2C7FE2}.Release|iPhoneSimulator.Build.0 = Release|Any CPU
		{1670B146-B402-4443-92B6-B0BF4D2C7FE2}.Release|iPhoneSimulator.Deploy.0 = Release|Any CPU
		{996225B0-4FD0-4152-8E18-0D87D644C414}.Debug|Any CPU.ActiveCfg = Debug|iPhone
		{996225B0-4FD0-4152-8E18-0D87D644C414}.Debug|Any CPU.Build.0 = Debug|iPhone
		{996225B0-4FD0-4152-8E18-0D87D644C414}.Debug|Any CPU.Deploy.0 = Debug|iPhone
		{996225B0-4FD0-4152-8E18-0D87D644C414}.Debug|iPhone.ActiveCfg = Debug|iPhone
		{996225B0-4FD0-4152-8E18-0D87D644C414}.Debug|iPhone.Build.0 = Debug|iPhone
		{996225B0-4FD0-4152-8E18-0D87D644C414}.Debug|iPhone.Deploy.0 = Debug|iPhone
		{996225B0-4FD0-4152-8E18-0D87D644C414}.Debug|iPhoneSimulator.ActiveCfg = Debug|iPhoneSimulator
		{996225B0-4FD0-4152-8E18-0D87D644C414}.Debug|iPhoneSimulator.Build.0 = Debug|iPhoneSimulator
		{996225B0-4FD0-4152-8E18-0D87D644C414}.Debug|iPhoneSimulator.Deploy.0 = Debug|iPhoneSimulator
		{996225B0-4FD0-4152-8E18-0D87D644C414}.Release|Any CPU.ActiveCfg = Release|iPhoneSimulator
		{996225B0-4FD0-4152-8E18-0D87D644C414}.Release|Any CPU.Build.0 = Release|iPhoneSimulator
		{996225B0-4FD0-4152-8E18-0D87D644C414}.Release|Any CPU.Deploy.0 = Release|iPhoneSimulator
		{996225B0-4FD0-4152-8E18-0D87D644C414}.Release|iPhone.ActiveCfg = Release|iPhone
		{996225B0-4FD0-4152-8E18-0D87D644C414}.Release|iPhone.Build.0 = Release|iPhone
		{996225B0-4FD0-4152-8E18-0D87D644C414}.Release|iPhone.Deploy.0 = Release|iPhone
		{996225B0-4FD0-4152-8E18-0D87D644C414}.Release|iPhoneSimulator.ActiveCfg = Release|iPhoneSimulator
		{996225B0-4FD0-4152-8E18-0D87D644C414}.Release|iPhoneSimulator.Build.0 = Release|iPhoneSimulator
		{996225B0-4FD0-4152-8E18-0D87D644C414}.Release|iPhoneSimulator.Deploy.0 = Release|iPhoneSimulator
		{FAF95FD1-BD78-4991-902F-E486AEAAD172}.Debug|Any CPU.ActiveCfg = Debug|Any CPU
		{FAF95FD1-BD78-4991-902F-E486AEAAD172}.Debug|Any CPU.Build.0 = Debug|Any CPU
		{FAF95FD1-BD78-4991-902F-E486AEAAD172}.Debug|Any CPU.Deploy.0 = Debug|Any CPU
		{FAF95FD1-BD78-4991-902F-E486AEAAD172}.Debug|iPhone.ActiveCfg = Debug|Any CPU
		{FAF95FD1-BD78-4991-902F-E486AEAAD172}.Debug|iPhone.Build.0 = Debug|Any CPU
		{FAF95FD1-BD78-4991-902F-E486AEAAD172}.Debug|iPhone.Deploy.0 = Debug|Any CPU
		{FAF95FD1-BD78-4991-902F-E486AEAAD172}.Debug|iPhoneSimulator.ActiveCfg = Debug|Any CPU
		{FAF95FD1-BD78-4991-902F-E486AEAAD172}.Debug|iPhoneSimulator.Build.0 = Debug|Any CPU
		{FAF95FD1-BD78-4991-902F-E486AEAAD172}.Debug|iPhoneSimulator.Deploy.0 = Debug|Any CPU
		{FAF95FD1-BD78-4991-902F-E486AEAAD172}.Release|Any CPU.ActiveCfg = Release|Any CPU
		{FAF95FD1-BD78-4991-902F-E486AEAAD172}.Release|Any CPU.Build.0 = Release|Any CPU
		{FAF95FD1-BD78-4991-902F-E486AEAAD172}.Release|Any CPU.Deploy.0 = Release|Any CPU
		{FAF95FD1-BD78-4991-902F-E486AEAAD172}.Release|iPhone.ActiveCfg = Release|Any CPU
		{FAF95FD1-BD78-4991-902F-E486AEAAD172}.Release|iPhone.Build.0 = Release|Any CPU
		{FAF95FD1-BD78-4991-902F-E486AEAAD172}.Release|iPhone.Deploy.0 = Release|Any CPU
		{FAF95FD1-BD78-4991-902F-E486AEAAD172}.Release|iPhoneSimulator.ActiveCfg = Release|Any CPU
		{FAF95FD1-BD78-4991-902F-E486AEAAD172}.Release|iPhoneSimulator.Build.0 = Release|Any CPU
		{FAF95FD1-BD78-4991-902F-E486AEAAD172}.Release|iPhoneSimulator.Deploy.0 = Release|Any CPU
	EndGlobalSection
	GlobalSection(SolutionProperties) = preSolution
		HideSolutionNode = FALSE
	EndGlobalSection
	GlobalSection(ExtensibilityGlobals) = postSolution
		SolutionGuid = {6C0E9B0C-3A35-4A54-8714-FFC62E261E60}
	EndGlobalSection
EndGlobal
